
Microsoft Visual Studio Solution File, Format Version 12.00
# Visual Studio Version 17
VisualStudioVersion = 17.0.31903.59
MinimumVisualStudioVersion = 10.0.40219.1
Project("{FAE04EC0-301F-11D3-BF4B-00C04F79EFBC}") = "calcs", "calcs\calcs.csproj", "{AB02EA7A-D350-4C17-BBEE-9B521A9DE29C}"
EndProject
Project("{FAE04EC0-301F-11D3-BF4B-00C04F79EFBC}") = "calcs.tests", "calcs.tests\calcs.tests.csproj", "{D1227D2F-4565-4BE9-BD6B-8598F97B14EC}"
EndProject
Global
	GlobalSection(SolutionConfigurationPlatforms) = preSolution
		Debug|Any CPU = Debug|Any CPU
		Release|Any CPU = Release|Any CPU
	EndGlobalSection
	GlobalSection(SolutionProperties) = preSolution
		HideSolutionNode = FALSE
	EndGlobalSection
	GlobalSection(ProjectConfigurationPlatforms) = postSolution
		{AB02EA7A-D350-4C17-BBEE-9B521A9DE29C}.Debug|Any CPU.ActiveCfg = Debug|Any CPU
		{AB02EA7A-D350-4C17-BBEE-9B521A9DE29C}.Debug|Any CPU.Build.0 = Debug|Any CPU
		{AB02EA7A-D350-4C17-BBEE-9B521A9DE29C}.Release|Any CPU.ActiveCfg = Release|Any CPU
		{AB02EA7A-D350-4C17-BBEE-9B521A9DE29C}.Release|Any CPU.Build.0 = Release|Any CPU
		{D1227D2F-4565-4BE9-BD6B-8598F97B14EC}.Debug|Any CPU.ActiveCfg = Debug|Any CPU
		{D1227D2F-4565-4BE9-BD6B-8598F97B14EC}.Debug|Any CPU.Build.0 = Debug|Any CPU
		{D1227D2F-4565-4BE9-BD6B-8598F97B14EC}.Release|Any CPU.ActiveCfg = Release|Any CPU
		{D1227D2F-4565-4BE9-BD6B-8598F97B14EC}.Release|Any CPU.Build.0 = Release|Any CPU
	EndGlobalSection
EndGlobal
